
Microsoft Visual Studio Solution File, Format Version 12.00
# Visual Studio Version 16
VisualStudioVersion = 16.0.31205.134
MinimumVisualStudioVersion = 10.0.40219.1
Project("{FAE04EC0-301F-11D3-BF4B-00C04F79EFBC}") = "ContactsAppUI", "ContactsAppUI\ContactsAppUI.csproj", "{F72FEBC0-8D3A-4C03-8AAD-5770C3D7DB45}"
EndProject
Project("{9A19103F-16F7-4668-BE54-9A1E7A4F7556}") = "ContactsApp", "ContactsApp\ContactsApp.csproj", "{167B09DA-F1A5-4885-A32A-C16993DE0571}"
EndProject
Project("{FAE04EC0-301F-11D3-BF4B-00C04F79EFBC}") = "ContactsApp.UnitTests", "..\ContactsApp.UnitTests\ContactsApp.UnitTests.csproj", "{28FA0853-61CD-4F34-8C5F-DAD5EA1814B3}"
EndProject
Global
	GlobalSection(SolutionConfigurationPlatforms) = preSolution
		Debug|Any CPU = Debug|Any CPU
		Release|Any CPU = Release|Any CPU
	EndGlobalSection
	GlobalSection(ProjectConfigurationPlatforms) = postSolution
		{F72FEBC0-8D3A-4C03-8AAD-5770C3D7DB45}.Debug|Any CPU.ActiveCfg = Debug|Any CPU
		{F72FEBC0-8D3A-4C03-8AAD-5770C3D7DB45}.Debug|Any CPU.Build.0 = Debug|Any CPU
		{F72FEBC0-8D3A-4C03-8AAD-5770C3D7DB45}.Release|Any CPU.ActiveCfg = Release|Any CPU
		{F72FEBC0-8D3A-4C03-8AAD-5770C3D7DB45}.Release|Any CPU.Build.0 = Release|Any CPU
		{167B09DA-F1A5-4885-A32A-C16993DE0571}.Debug|Any CPU.ActiveCfg = Debug|Any CPU
		{167B09DA-F1A5-4885-A32A-C16993DE0571}.Debug|Any CPU.Build.0 = Debug|Any CPU
		{167B09DA-F1A5-4885-A32A-C16993DE0571}.Release|Any CPU.ActiveCfg = Release|Any CPU
		{167B09DA-F1A5-4885-A32A-C16993DE0571}.Release|Any CPU.Build.0 = Release|Any CPU
		{28FA0853-61CD-4F34-8C5F-DAD5EA1814B3}.Debug|Any CPU.ActiveCfg = Debug|Any CPU
		{28FA0853-61CD-4F34-8C5F-DAD5EA1814B3}.Debug|Any CPU.Build.0 = Debug|Any CPU
		{28FA0853-61CD-4F34-8C5F-DAD5EA1814B3}.Release|Any CPU.ActiveCfg = Release|Any CPU
		{28FA0853-61CD-4F34-8C5F-DAD5EA1814B3}.Release|Any CPU.Build.0 = Release|Any CPU
	EndGlobalSection
	GlobalSection(SolutionProperties) = preSolution
		HideSolutionNode = FALSE
	EndGlobalSection
	GlobalSection(ExtensibilityGlobals) = postSolution
		SolutionGuid = {F7B3C787-0EA0-474A-B84D-916BA047F715}
	EndGlobalSection
EndGlobal
